# This file is automatically @generated by Cargo.
# It is not intended for manual editing.
version = 3

[[package]]
name = "float_eq"
version = "1.0.0"
source = "registry+https://github.com/rust-lang/crates.io-index"
checksum = "b59b6469c35ab601d6487d28879bccfbe8c896c33a3fe699c4d29817e552cc58"

[[package]]
name = "nilepsilon"
version = "0.1.0"
dependencies = [
 "float_eq",
]
